{
  "name": "fitness-ng",
  "version": "0.0.0",
  "lockfileVersion": 1,
  "requires": true,
  "dependencies": {
    "@types/node-forge": {
      "version": "0.6.10",
      "resolved": "https://registry.npmjs.org/@types/node-forge/-/node-forge-0.6.10.tgz",
      "integrity": "sha512-O66D2B9OZDP+vTvfDJUJnk/HfOueeerLXNZQtVY+1ICbp6hO0ySkOtt+N+MGa24YS48JzavN6C2BjYBnKTGwiw=="
    },
    "node-forge": {
      "version": "0.7.1",
      "resolved": "https://registry.npmjs.org/node-forge/-/node-forge-0.7.1.tgz",
      "integrity": "sha1-naYR6giYL0uUIGs760zJZl8gwwA="
    }
  }
}
